
Microsoft Visual Studio Solution File, Format Version 12.00
Project("{FAE04EC0-301F-11D3-BF4B-00C04F79EFBC}") = "miniHW_1_AslanyanDG", "miniHW_1_AslanyanDG\miniHW_1_AslanyanDG.csproj", "{CAA64D6A-287B-4543-AB88-EB97B0A3E972}"
EndProject
Project("{FAE04EC0-301F-11D3-BF4B-00C04F79EFBC}") = "TestMiniHW", "TestMiniHW\TestMiniHW.csproj", "{32FFF176-16C2-4700-8562-40B97703203A}"
EndProject
Global
	GlobalSection(SolutionConfigurationPlatforms) = preSolution
		Debug|Any CPU = Debug|Any CPU
		Release|Any CPU = Release|Any CPU
	EndGlobalSection
	GlobalSection(ProjectConfigurationPlatforms) = postSolution
		{CAA64D6A-287B-4543-AB88-EB97B0A3E972}.Debug|Any CPU.ActiveCfg = Debug|Any CPU
		{CAA64D6A-287B-4543-AB88-EB97B0A3E972}.Debug|Any CPU.Build.0 = Debug|Any CPU
		{CAA64D6A-287B-4543-AB88-EB97B0A3E972}.Release|Any CPU.ActiveCfg = Release|Any CPU
		{CAA64D6A-287B-4543-AB88-EB97B0A3E972}.Release|Any CPU.Build.0 = Release|Any CPU
		{32FFF176-16C2-4700-8562-40B97703203A}.Debug|Any CPU.ActiveCfg = Debug|Any CPU
		{32FFF176-16C2-4700-8562-40B97703203A}.Debug|Any CPU.Build.0 = Debug|Any CPU
		{32FFF176-16C2-4700-8562-40B97703203A}.Release|Any CPU.ActiveCfg = Release|Any CPU
		{32FFF176-16C2-4700-8562-40B97703203A}.Release|Any CPU.Build.0 = Release|Any CPU
	EndGlobalSection
EndGlobal
